
Microsoft Visual Studio Solution File, Format Version 12.00
# Visual Studio Version 17
VisualStudioVersion = 17.4.33110.190
MinimumVisualStudioVersion = 10.0.40219.1
Project("{FAE04EC0-301F-11D3-BF4B-00C04F79EFBC}") = "oopCarsExam", "oopCarsExam\oopCarsExam.csproj", "{54C013BD-4686-4FC5-93D9-85C607061C91}"
EndProject
Project("{2150E333-8FDC-42A3-9474-1A3956D46DE8}") = "Solution Items", "Solution Items", "{1EEAF937-6567-4BB8-937F-F7A8402121BC}"
	ProjectSection(SolutionItems) = preProject
		frmSearch.cs = frmSearch.cs
	EndProjectSection
EndProject
Global
	GlobalSection(SolutionConfigurationPlatforms) = preSolution
		Debug|Any CPU = Debug|Any CPU
		Release|Any CPU = Release|Any CPU
	EndGlobalSection
	GlobalSection(ProjectConfigurationPlatforms) = postSolution
		{54C013BD-4686-4FC5-93D9-85C607061C91}.Debug|Any CPU.ActiveCfg = Debug|Any CPU
		{54C013BD-4686-4FC5-93D9-85C607061C91}.Debug|Any CPU.Build.0 = Debug|Any CPU
		{54C013BD-4686-4FC5-93D9-85C607061C91}.Release|Any CPU.ActiveCfg = Release|Any CPU
		{54C013BD-4686-4FC5-93D9-85C607061C91}.Release|Any CPU.Build.0 = Release|Any CPU
	EndGlobalSection
	GlobalSection(SolutionProperties) = preSolution
		HideSolutionNode = FALSE
	EndGlobalSection
	GlobalSection(ExtensibilityGlobals) = postSolution
		SolutionGuid = {D031FC83-AD9E-4036-9C17-F18C029C83C9}
	EndGlobalSection
EndGlobal
